
Microsoft Visual Studio Solution File, Format Version 12.00
# Visual Studio 15
VisualStudioVersion = 15.0.28010.2016
MinimumVisualStudioVersion = 10.0.40219.1
Project("{8BC9CEB8-8B4A-11D0-8D11-00A0C91BC942}") = "LearingSome", "LearingSome\LearingSome.vcxproj", "{EC3028BD-B393-4EA6-9CE7-7DE31DF59C62}"
EndProject
Project("{8BC9CEB8-8B4A-11D0-8D11-00A0C91BC942}") = "Project2", "Project2\Project2.vcxproj", "{44B60C83-0878-4209-AE33-4CE802ACE396}"
EndProject
Global
	GlobalSection(SolutionConfigurationPlatforms) = preSolution
		Debug|x64 = Debug|x64
		Debug|x86 = Debug|x86
		Release|x64 = Release|x64
		Release|x86 = Release|x86
	EndGlobalSection
	GlobalSection(ProjectConfigurationPlatforms) = postSolution
		{EC3028BD-B393-4EA6-9CE7-7DE31DF59C62}.Debug|x64.ActiveCfg = Debug|x64
		{EC3028BD-B393-4EA6-9CE7-7DE31DF59C62}.Debug|x64.Build.0 = Debug|x64
		{EC3028BD-B393-4EA6-9CE7-7DE31DF59C62}.Debug|x86.ActiveCfg = Debug|Win32
		{EC3028BD-B393-4EA6-9CE7-7DE31DF59C62}.Debug|x86.Build.0 = Debug|Win32
		{EC3028BD-B393-4EA6-9CE7-7DE31DF59C62}.Release|x64.ActiveCfg = Release|x64
		{EC3028BD-B393-4EA6-9CE7-7DE31DF59C62}.Release|x64.Build.0 = Release|x64
		{EC3028BD-B393-4EA6-9CE7-7DE31DF59C62}.Release|x86.ActiveCfg = Release|Win32
		{EC3028BD-B393-4EA6-9CE7-7DE31DF59C62}.Release|x86.Build.0 = Release|Win32
		{44B60C83-0878-4209-AE33-4CE802ACE396}.Debug|x64.ActiveCfg = Debug|x64
		{44B60C83-0878-4209-AE33-4CE802ACE396}.Debug|x64.Build.0 = Debug|x64
		{44B60C83-0878-4209-AE33-4CE802ACE396}.Debug|x86.ActiveCfg = Debug|Win32
		{44B60C83-0878-4209-AE33-4CE802ACE396}.Debug|x86.Build.0 = Debug|Win32
		{44B60C83-0878-4209-AE33-4CE802ACE396}.Release|x64.ActiveCfg = Release|x64
		{44B60C83-0878-4209-AE33-4CE802ACE396}.Release|x64.Build.0 = Release|x64
		{44B60C83-0878-4209-AE33-4CE802ACE396}.Release|x86.ActiveCfg = Release|Win32
		{44B60C83-0878-4209-AE33-4CE802ACE396}.Release|x86.Build.0 = Release|Win32
	EndGlobalSection
	GlobalSection(SolutionProperties) = preSolution
		HideSolutionNode = FALSE
	EndGlobalSection
	GlobalSection(ExtensibilityGlobals) = postSolution
		SolutionGuid = {1959C199-3373-46F9-B35C-9461D477FBB8}
	EndGlobalSection
EndGlobal
